
Microsoft Visual Studio Solution File, Format Version 12.00
# Visual Studio Version 17
VisualStudioVersion = 17.14.36408.4 d17.14
MinimumVisualStudioVersion = 10.0.40219.1
Project("{FAE04EC0-301F-11D3-BF4B-00C04F79EFBC}") = "TaskManagerDesktop", "TaskManagerDesktop\TaskManagerDesktop.csproj", "{84242585-481F-4BB9-A1DC-91FE5E6C488B}"
EndProject
Global
	GlobalSection(SolutionConfigurationPlatforms) = preSolution
		Debug|Any CPU = Debug|Any CPU
		Release|Any CPU = Release|Any CPU
	EndGlobalSection
	GlobalSection(ProjectConfigurationPlatforms) = postSolution
		{84242585-481F-4BB9-A1DC-91FE5E6C488B}.Debug|Any CPU.ActiveCfg = Debug|Any CPU
		{84242585-481F-4BB9-A1DC-91FE5E6C488B}.Debug|Any CPU.Build.0 = Debug|Any CPU
		{84242585-481F-4BB9-A1DC-91FE5E6C488B}.Release|Any CPU.ActiveCfg = Release|Any CPU
		{84242585-481F-4BB9-A1DC-91FE5E6C488B}.Release|Any CPU.Build.0 = Release|Any CPU
	EndGlobalSection
	GlobalSection(SolutionProperties) = preSolution
		HideSolutionNode = FALSE
	EndGlobalSection
	GlobalSection(ExtensibilityGlobals) = postSolution
		SolutionGuid = {53985D1F-6850-4701-830B-8CDFE87EAAA6}
	EndGlobalSection
EndGlobal
